
Microsoft Visual Studio Solution File, Format Version 12.00
# Visual Studio Version 16
VisualStudioVersion = 16.0.31507.150
MinimumVisualStudioVersion = 10.0.40219.1
Project("{FAE04EC0-301F-11D3-BF4B-00C04F79EFBC}") = "CG.Events.QuickStart.WinForms", "CG.Events.QuickStart.WinForms.csproj", "{2A57C32B-058B-4E78-9445-D68B05D18D6A}"
EndProject
Project("{9A19103F-16F7-4668-BE54-9A1E7A4F7556}") = "CG.Events", "..\..\src\CG.Events\CG.Events.csproj", "{4A642AB5-9244-44EA-85A3-4AA55209C28E}"
EndProject
Global
	GlobalSection(SolutionConfigurationPlatforms) = preSolution
		Debug|Any CPU = Debug|Any CPU
		Release|Any CPU = Release|Any CPU
	EndGlobalSection
	GlobalSection(ProjectConfigurationPlatforms) = postSolution
		{2A57C32B-058B-4E78-9445-D68B05D18D6A}.Debug|Any CPU.ActiveCfg = Debug|Any CPU
		{2A57C32B-058B-4E78-9445-D68B05D18D6A}.Debug|Any CPU.Build.0 = Debug|Any CPU
		{2A57C32B-058B-4E78-9445-D68B05D18D6A}.Release|Any CPU.ActiveCfg = Release|Any CPU
		{2A57C32B-058B-4E78-9445-D68B05D18D6A}.Release|Any CPU.Build.0 = Release|Any CPU
		{4A642AB5-9244-44EA-85A3-4AA55209C28E}.Debug|Any CPU.ActiveCfg = Debug|Any CPU
		{4A642AB5-9244-44EA-85A3-4AA55209C28E}.Debug|Any CPU.Build.0 = Debug|Any CPU
		{4A642AB5-9244-44EA-85A3-4AA55209C28E}.Release|Any CPU.ActiveCfg = Release|Any CPU
		{4A642AB5-9244-44EA-85A3-4AA55209C28E}.Release|Any CPU.Build.0 = Release|Any CPU
	EndGlobalSection
	GlobalSection(SolutionProperties) = preSolution
		HideSolutionNode = FALSE
	EndGlobalSection
	GlobalSection(ExtensibilityGlobals) = postSolution
		SolutionGuid = {0D463A5D-F5AC-47E9-BA57-B8C7F927CFCB}
	EndGlobalSection
EndGlobal
