
Microsoft Visual Studio Solution File, Format Version 12.00
# Visual Studio Version 16
VisualStudioVersion = 16.0.31507.150
MinimumVisualStudioVersion = 10.0.40219.1
Project("{9A19103F-16F7-4668-BE54-9A1E7A4F7556}") = "CG.Events.QuickStart", "CG.Events.QuickStart.csproj", "{606D2EB8-9026-4BE3-934F-EC83136E4250}"
EndProject
Project("{9A19103F-16F7-4668-BE54-9A1E7A4F7556}") = "CG.Events", "..\..\src\CG.Events\CG.Events.csproj", "{F141FE9A-262D-47C8-9194-1BC79D15D764}"
EndProject
Global
	GlobalSection(SolutionConfigurationPlatforms) = preSolution
		Debug|Any CPU = Debug|Any CPU
		Release|Any CPU = Release|Any CPU
	EndGlobalSection
	GlobalSection(ProjectConfigurationPlatforms) = postSolution
		{606D2EB8-9026-4BE3-934F-EC83136E4250}.Debug|Any CPU.ActiveCfg = Debug|Any CPU
		{606D2EB8-9026-4BE3-934F-EC83136E4250}.Debug|Any CPU.Build.0 = Debug|Any CPU
		{606D2EB8-9026-4BE3-934F-EC83136E4250}.Release|Any CPU.ActiveCfg = Release|Any CPU
		{606D2EB8-9026-4BE3-934F-EC83136E4250}.Release|Any CPU.Build.0 = Release|Any CPU
		{F141FE9A-262D-47C8-9194-1BC79D15D764}.Debug|Any CPU.ActiveCfg = Debug|Any CPU
		{F141FE9A-262D-47C8-9194-1BC79D15D764}.Debug|Any CPU.Build.0 = Debug|Any CPU
		{F141FE9A-262D-47C8-9194-1BC79D15D764}.Release|Any CPU.ActiveCfg = Release|Any CPU
		{F141FE9A-262D-47C8-9194-1BC79D15D764}.Release|Any CPU.Build.0 = Release|Any CPU
	EndGlobalSection
	GlobalSection(SolutionProperties) = preSolution
		HideSolutionNode = FALSE
	EndGlobalSection
	GlobalSection(ExtensibilityGlobals) = postSolution
		SolutionGuid = {3AE5240A-B6A7-4435-AAD2-D406FD54B0C2}
	EndGlobalSection
EndGlobal
