
Microsoft Visual Studio Solution File, Format Version 12.00
# Visual Studio Version 16
VisualStudioVersion = 16.0.31507.150
MinimumVisualStudioVersion = 10.0.40219.1
Project("{FAE04EC0-301F-11D3-BF4B-00C04F79EFBC}") = "CG.Events.QuickStart.Wpf", "CG.Events.QuickStart.Wpf.csproj", "{8DC28EDD-3C01-4E1D-8411-318A50E79176}"
EndProject
Project("{9A19103F-16F7-4668-BE54-9A1E7A4F7556}") = "CG.Events", "..\..\src\CG.Events\CG.Events.csproj", "{3D57C3B8-EBC7-4D70-8967-93D35848FD8B}"
EndProject
Global
	GlobalSection(SolutionConfigurationPlatforms) = preSolution
		Debug|Any CPU = Debug|Any CPU
		Release|Any CPU = Release|Any CPU
	EndGlobalSection
	GlobalSection(ProjectConfigurationPlatforms) = postSolution
		{8DC28EDD-3C01-4E1D-8411-318A50E79176}.Debug|Any CPU.ActiveCfg = Debug|Any CPU
		{8DC28EDD-3C01-4E1D-8411-318A50E79176}.Debug|Any CPU.Build.0 = Debug|Any CPU
		{8DC28EDD-3C01-4E1D-8411-318A50E79176}.Release|Any CPU.ActiveCfg = Release|Any CPU
		{8DC28EDD-3C01-4E1D-8411-318A50E79176}.Release|Any CPU.Build.0 = Release|Any CPU
		{3D57C3B8-EBC7-4D70-8967-93D35848FD8B}.Debug|Any CPU.ActiveCfg = Debug|Any CPU
		{3D57C3B8-EBC7-4D70-8967-93D35848FD8B}.Debug|Any CPU.Build.0 = Debug|Any CPU
		{3D57C3B8-EBC7-4D70-8967-93D35848FD8B}.Release|Any CPU.ActiveCfg = Release|Any CPU
		{3D57C3B8-EBC7-4D70-8967-93D35848FD8B}.Release|Any CPU.Build.0 = Release|Any CPU
	EndGlobalSection
	GlobalSection(SolutionProperties) = preSolution
		HideSolutionNode = FALSE
	EndGlobalSection
	GlobalSection(ExtensibilityGlobals) = postSolution
		SolutionGuid = {2A83DC9E-99B0-44D2-A1D8-039363291AFE}
	EndGlobalSection
EndGlobal
