
Microsoft Visual Studio Solution File, Format Version 12.00
# Visual Studio Version 16
VisualStudioVersion = 16.0.31507.150
MinimumVisualStudioVersion = 10.0.40219.1
Project("{9A19103F-16F7-4668-BE54-9A1E7A4F7556}") = "CG.Events", "CG.Events\CG.Events.csproj", "{04FB77BB-A01A-4CAA-A2FD-8C01FD698A12}"
EndProject
Project("{9A19103F-16F7-4668-BE54-9A1E7A4F7556}") = "CG.Events.Tests", "..\tests\CG.Events.Tests\CG.Events.Tests.csproj", "{23CC0AE5-907D-4093-908C-3FE970102142}"
EndProject
Global
	GlobalSection(SolutionConfigurationPlatforms) = preSolution
		Debug|Any CPU = Debug|Any CPU
		Release|Any CPU = Release|Any CPU
	EndGlobalSection
	GlobalSection(ProjectConfigurationPlatforms) = postSolution
		{04FB77BB-A01A-4CAA-A2FD-8C01FD698A12}.Debug|Any CPU.ActiveCfg = Debug|Any CPU
		{04FB77BB-A01A-4CAA-A2FD-8C01FD698A12}.Debug|Any CPU.Build.0 = Debug|Any CPU
		{04FB77BB-A01A-4CAA-A2FD-8C01FD698A12}.Release|Any CPU.ActiveCfg = Release|Any CPU
		{04FB77BB-A01A-4CAA-A2FD-8C01FD698A12}.Release|Any CPU.Build.0 = Release|Any CPU
		{23CC0AE5-907D-4093-908C-3FE970102142}.Debug|Any CPU.ActiveCfg = Debug|Any CPU
		{23CC0AE5-907D-4093-908C-3FE970102142}.Debug|Any CPU.Build.0 = Debug|Any CPU
		{23CC0AE5-907D-4093-908C-3FE970102142}.Release|Any CPU.ActiveCfg = Release|Any CPU
		{23CC0AE5-907D-4093-908C-3FE970102142}.Release|Any CPU.Build.0 = Release|Any CPU
	EndGlobalSection
	GlobalSection(SolutionProperties) = preSolution
		HideSolutionNode = FALSE
	EndGlobalSection
	GlobalSection(ExtensibilityGlobals) = postSolution
		SolutionGuid = {7987ED11-178C-4A69-97C0-0D27AC100B72}
	EndGlobalSection
EndGlobal
